
Microsoft Visual Studio Solution File, Format Version 11.00
# Visual Studio 2010
Project("{FAE04EC0-301F-11D3-BF4B-00C04F79EFBC}") = "NBRepair", "NBRepair\NBRepair.csproj", "{BB9CFDE7-7D2B-4D18-AE64-11D4C5295783}"
EndProject
Project("{54435603-DBB4-11D2-8724-00A0C9A8B90C}") = "NBRepairSetup", "NBRepairSetup\NBRepairSetup.vdproj", "{375FF5F4-33F6-4D42-B01D-CC5FC9855A2B}"
EndProject
Global
	GlobalSection(SolutionConfigurationPlatforms) = preSolution
		Debug|x86 = Debug|x86
		Release|x86 = Release|x86
	EndGlobalSection
	GlobalSection(ProjectConfigurationPlatforms) = postSolution
		{BB9CFDE7-7D2B-4D18-AE64-11D4C5295783}.Debug|x86.ActiveCfg = Debug|x86
		{BB9CFDE7-7D2B-4D18-AE64-11D4C5295783}.Debug|x86.Build.0 = Debug|x86
		{BB9CFDE7-7D2B-4D18-AE64-11D4C5295783}.Release|x86.ActiveCfg = Release|x86
		{BB9CFDE7-7D2B-4D18-AE64-11D4C5295783}.Release|x86.Build.0 = Release|x86
		{375FF5F4-33F6-4D42-B01D-CC5FC9855A2B}.Debug|x86.ActiveCfg = Debug
		{375FF5F4-33F6-4D42-B01D-CC5FC9855A2B}.Release|x86.ActiveCfg = Release
	EndGlobalSection
	GlobalSection(SolutionProperties) = preSolution
		HideSolutionNode = FALSE
	EndGlobalSection
EndGlobal
